
Microsoft Visual Studio Solution File, Format Version 12.00
# Visual Studio Version 17
VisualStudioVersion = 17.8.34511.84
MinimumVisualStudioVersion = 10.0.40219.1
Project("{FAE04EC0-301F-11D3-BF4B-00C04F79EFBC}") = "LibSoftHW", "LibSoftHW\LibSoftHW.csproj", "{EDC6FA71-7A04-49AB-A4F6-E89FBD00367B}"
EndProject
Project("{FAE04EC0-301F-11D3-BF4B-00C04F79EFBC}") = "Documents", "Documents\Documents.csproj", "{ECB3513C-9453-482D-9949-73530D47B0D4}"
EndProject
Global
	GlobalSection(SolutionConfigurationPlatforms) = preSolution
		Debug|Any CPU = Debug|Any CPU
		Release|Any CPU = Release|Any CPU
	EndGlobalSection
	GlobalSection(ProjectConfigurationPlatforms) = postSolution
		{EDC6FA71-7A04-49AB-A4F6-E89FBD00367B}.Debug|Any CPU.ActiveCfg = Debug|Any CPU
		{EDC6FA71-7A04-49AB-A4F6-E89FBD00367B}.Debug|Any CPU.Build.0 = Debug|Any CPU
		{EDC6FA71-7A04-49AB-A4F6-E89FBD00367B}.Release|Any CPU.ActiveCfg = Release|Any CPU
		{EDC6FA71-7A04-49AB-A4F6-E89FBD00367B}.Release|Any CPU.Build.0 = Release|Any CPU
		{ECB3513C-9453-482D-9949-73530D47B0D4}.Debug|Any CPU.ActiveCfg = Debug|Any CPU
		{ECB3513C-9453-482D-9949-73530D47B0D4}.Debug|Any CPU.Build.0 = Debug|Any CPU
		{ECB3513C-9453-482D-9949-73530D47B0D4}.Release|Any CPU.ActiveCfg = Release|Any CPU
		{ECB3513C-9453-482D-9949-73530D47B0D4}.Release|Any CPU.Build.0 = Release|Any CPU
	EndGlobalSection
	GlobalSection(SolutionProperties) = preSolution
		HideSolutionNode = FALSE
	EndGlobalSection
	GlobalSection(ExtensibilityGlobals) = postSolution
		SolutionGuid = {CE15F228-A267-4ED3-B60B-49777C2F8FCF}
	EndGlobalSection
EndGlobal
